
Microsoft Visual Studio Solution File, Format Version 12.00
# Visual Studio Version 17
VisualStudioVersion = 17.1.32421.90
MinimumVisualStudioVersion = 10.0.40219.1
Project("{FAE04EC0-301F-11D3-BF4B-00C04F79EFBC}") = "Cab301Assignment3", "Cab301Assignment3\Cab301Assignment3.csproj", "{2BA04C2D-183D-4AE5-9615-84582566C8E7}"
EndProject
Global
	GlobalSection(SolutionConfigurationPlatforms) = preSolution
		Debug|Any CPU = Debug|Any CPU
		Release|Any CPU = Release|Any CPU
	EndGlobalSection
	GlobalSection(ProjectConfigurationPlatforms) = postSolution
		{2BA04C2D-183D-4AE5-9615-84582566C8E7}.Debug|Any CPU.ActiveCfg = Debug|Any CPU
		{2BA04C2D-183D-4AE5-9615-84582566C8E7}.Debug|Any CPU.Build.0 = Debug|Any CPU
		{2BA04C2D-183D-4AE5-9615-84582566C8E7}.Release|Any CPU.ActiveCfg = Release|Any CPU
		{2BA04C2D-183D-4AE5-9615-84582566C8E7}.Release|Any CPU.Build.0 = Release|Any CPU
	EndGlobalSection
	GlobalSection(SolutionProperties) = preSolution
		HideSolutionNode = FALSE
	EndGlobalSection
	GlobalSection(ExtensibilityGlobals) = postSolution
		SolutionGuid = {EE3465A0-62B4-4437-9F0D-A9347A7BFFAF}
	EndGlobalSection
EndGlobal
